
Microsoft Visual Studio Solution File, Format Version 12.00
# Visual Studio Version 17
VisualStudioVersion = 17.6.33723.286
MinimumVisualStudioVersion = 10.0.40219.1
Project("{9A19103F-16F7-4668-BE54-9A1E7A4F7556}") = "LeadManagement", "LeadManagement\LeadManagement.csproj", "{98508F7D-3517-4D77-B056-9B2E0F5CEFA4}"
EndProject
Project("{9A19103F-16F7-4668-BE54-9A1E7A4F7556}") = "LeadManagement.Tests", "LeadManagement.Tests\LeadManagement.Tests.csproj", "{4E6D1BD7-B654-440E-B741-1678102840CC}"
EndProject
Global
	GlobalSection(SolutionConfigurationPlatforms) = preSolution
		Debug|Any CPU = Debug|Any CPU
		Release|Any CPU = Release|Any CPU
	EndGlobalSection
	GlobalSection(ProjectConfigurationPlatforms) = postSolution
		{98508F7D-3517-4D77-B056-9B2E0F5CEFA4}.Debug|Any CPU.ActiveCfg = Debug|Any CPU
		{98508F7D-3517-4D77-B056-9B2E0F5CEFA4}.Debug|Any CPU.Build.0 = Debug|Any CPU
		{98508F7D-3517-4D77-B056-9B2E0F5CEFA4}.Release|Any CPU.ActiveCfg = Release|Any CPU
		{98508F7D-3517-4D77-B056-9B2E0F5CEFA4}.Release|Any CPU.Build.0 = Release|Any CPU
		{4E6D1BD7-B654-440E-B741-1678102840CC}.Debug|Any CPU.ActiveCfg = Debug|Any CPU
		{4E6D1BD7-B654-440E-B741-1678102840CC}.Debug|Any CPU.Build.0 = Debug|Any CPU
		{4E6D1BD7-B654-440E-B741-1678102840CC}.Release|Any CPU.ActiveCfg = Release|Any CPU
		{4E6D1BD7-B654-440E-B741-1678102840CC}.Release|Any CPU.Build.0 = Release|Any CPU
	EndGlobalSection
	GlobalSection(SolutionProperties) = preSolution
		HideSolutionNode = FALSE
	EndGlobalSection
	GlobalSection(ExtensibilityGlobals) = postSolution
		SolutionGuid = {23AEA4C9-E6F9-424E-B8F3-96E08D3208AD}
	EndGlobalSection
EndGlobal
